
Microsoft Visual Studio Solution File, Format Version 12.00
# Visual Studio Version 17
VisualStudioVersion = 17.9.34607.119
MinimumVisualStudioVersion = 10.0.40219.1
Project("{FAE04EC0-301F-11D3-BF4B-00C04F79EFBC}") = "ConstructorNasilKullanilir", "ConstructorNasilKullanilir\ConstructorNasilKullanilir.csproj", "{38787A52-27C3-445E-B20A-8D2B972DFA57}"
EndProject
Global
	GlobalSection(SolutionConfigurationPlatforms) = preSolution
		Debug|Any CPU = Debug|Any CPU
		Release|Any CPU = Release|Any CPU
	EndGlobalSection
	GlobalSection(ProjectConfigurationPlatforms) = postSolution
		{38787A52-27C3-445E-B20A-8D2B972DFA57}.Debug|Any CPU.ActiveCfg = Debug|Any CPU
		{38787A52-27C3-445E-B20A-8D2B972DFA57}.Debug|Any CPU.Build.0 = Debug|Any CPU
		{38787A52-27C3-445E-B20A-8D2B972DFA57}.Release|Any CPU.ActiveCfg = Release|Any CPU
		{38787A52-27C3-445E-B20A-8D2B972DFA57}.Release|Any CPU.Build.0 = Release|Any CPU
	EndGlobalSection
	GlobalSection(SolutionProperties) = preSolution
		HideSolutionNode = FALSE
	EndGlobalSection
	GlobalSection(ExtensibilityGlobals) = postSolution
		SolutionGuid = {162FE376-6ECA-4F8C-A706-AEFD2AA55F59}
	EndGlobalSection
EndGlobal
